
Microsoft Visual Studio Solution File, Format Version 12.00
# Visual Studio Version 17
VisualStudioVersion = 17.3.32825.248
MinimumVisualStudioVersion = 10.0.40219.1
Project("{FAE04EC0-301F-11D3-BF4B-00C04F79EFBC}") = "3 in 1", "3 in 1.csproj", "{9020EF47-EBD4-47BD-8C4E-1441C03372C6}"
EndProject
Global
	GlobalSection(SolutionConfigurationPlatforms) = preSolution
		Debug|Any CPU = Debug|Any CPU
		Release|Any CPU = Release|Any CPU
	EndGlobalSection
	GlobalSection(ProjectConfigurationPlatforms) = postSolution
		{9020EF47-EBD4-47BD-8C4E-1441C03372C6}.Debug|Any CPU.ActiveCfg = Debug|Any CPU
		{9020EF47-EBD4-47BD-8C4E-1441C03372C6}.Debug|Any CPU.Build.0 = Debug|Any CPU
		{9020EF47-EBD4-47BD-8C4E-1441C03372C6}.Release|Any CPU.ActiveCfg = Release|Any CPU
		{9020EF47-EBD4-47BD-8C4E-1441C03372C6}.Release|Any CPU.Build.0 = Release|Any CPU
	EndGlobalSection
	GlobalSection(SolutionProperties) = preSolution
		HideSolutionNode = FALSE
	EndGlobalSection
	GlobalSection(ExtensibilityGlobals) = postSolution
		SolutionGuid = {35AFBDFB-9651-4800-92F7-D7C1916449F6}
	EndGlobalSection
EndGlobal
